
Microsoft Visual Studio Solution File, Format Version 12.00
# Visual Studio Version 16
VisualStudioVersion = 16.0.32802.440
MinimumVisualStudioVersion = 10.0.40219.1
Project("{FAE04EC0-301F-11D3-BF4B-00C04F79EFBC}") = "ExpenseIt", "ExpenseIt.csproj", "{1F3A6AF3-365E-4F01-BB8B-7DFC5A62CA0E}"
EndProject
Global
	GlobalSection(SolutionConfigurationPlatforms) = preSolution
		Debug|Any CPU = Debug|Any CPU
		Release|Any CPU = Release|Any CPU
	EndGlobalSection
	GlobalSection(ProjectConfigurationPlatforms) = postSolution
		{1F3A6AF3-365E-4F01-BB8B-7DFC5A62CA0E}.Debug|Any CPU.ActiveCfg = Debug|Any CPU
		{1F3A6AF3-365E-4F01-BB8B-7DFC5A62CA0E}.Debug|Any CPU.Build.0 = Debug|Any CPU
		{1F3A6AF3-365E-4F01-BB8B-7DFC5A62CA0E}.Release|Any CPU.ActiveCfg = Release|Any CPU
		{1F3A6AF3-365E-4F01-BB8B-7DFC5A62CA0E}.Release|Any CPU.Build.0 = Release|Any CPU
	EndGlobalSection
	GlobalSection(SolutionProperties) = preSolution
		HideSolutionNode = FALSE
	EndGlobalSection
	GlobalSection(ExtensibilityGlobals) = postSolution
		SolutionGuid = {06EE5ACB-921A-4A55-9307-475452D5D4C1}
	EndGlobalSection
EndGlobal
